<?xml version="1.0" encoding="UTF-8" standalone="yes" ?>
<CodeBlocks_project_file>
	<FileVersion major="1" minor="6" />
	<Project>
		<Option title="DemoSDL" />
		<Option pch_mode="2" />
		<Option compiler="gcc" />
		<Build>
			<Target title="Debug">
				<Option output="bin/Debug/DemoSDL" prefix_auto="1" extension_auto="1" />
				<Option object_output="obj/Debug/" />
				<Option type="1" />
				<Option compiler="gcc" />
				<Compiler>
					<Add option="-g" />
				</Compiler>
			</Target>
			<Target title="Release">
				<Option output="bin/Release/DemoSDL" prefix_auto="1" extension_auto="1" />
				<Option object_output="obj/Release/" />
				<Option type="1" />
				<Option compiler="gcc" />
				<Compiler>
					<Add option="-O2" />
				</Compiler>
				<Linker>
					<Add option="-s" />
				</Linker>
			</Target>
		</Build>
		<Compiler>
			<Add option="-Wall" />
			<Add option="-fexceptions" />
		</Compiler>
		<Unit filename="Untitled1.c">
			<Option compilerVar="CC" />
		</Unit>
		<Unit filename="bkg.c">
			<Option compilerVar="CC" />
		</Unit>
		<Unit filename="entity.cpp" />
		<Unit filename="entity.h" />
		<Unit filename="ground.cpp" />
		<Unit filename="ground.h" />
		<Unit filename="groundtile.cpp" />
		<Unit filename="groundtile.h" />
		<Unit filename="main (1).cpp" />
		<Unit filename="mons.cpp" />
		<Unit filename="mons.h" />
		<Unit filename="player.cpp" />
		<Unit filename="player.h" />
		<Unit filename="renderwindow.cpp" />
		<Unit filename="renderwindow.h" />
		<Extensions>
			<lib_finder disable_auto="1" />
		</Extensions>
	</Project>
</CodeBlocks_project_file>
